// !$*UTF8*$!
{
	archiveVersion = 1;
	classes = {
	};
	objectVersion = 50;
	objects = {

/* Begin PBXBuildFile section */
		2FA9C7EA2482F9AC000A6534 /* Extensions.swift in Sources */ = {isa = PBXBuildFile; fileRef = 2FA9C7E92482F9AC000A6534 /* Extensions.swift */; };
		2FA9C7EC2482F9D7000A6534 /* CustomViews.swift in Sources */ = {isa = PBXBuildFile; fileRef = 2FA9C7EB2482F9D7000A6534 /* CustomViews.swift */; };
		2FA9C7EE248302A9000A6534 /* Settings.swift in Sources */ = {isa = PBXBuildFile; fileRef = 2FA9C7ED248302A9000A6534 /* Settings.swift */; };
		2FA9C7F02483089A000A6534 /* SelectMode.swift in Sources */ = {isa = PBXBuildFile; fileRef = 2FA9C7EF2483089A000A6534 /* SelectMode.swift */; };
		2FBEBC88244CCA3500F32D92 /* AppDelegate.swift in Sources */ = {isa = PBXBuildFile; fileRef = 2FBEBC87244CCA3500F32D92 /* AppDelegate.swift */; };
		2FBEBC8A244CCA3500F32D92 /* SceneDelegate.swift in Sources */ = {isa = PBXBuildFile; fileRef = 2FBEBC89244CCA3500F32D92 /* SceneDelegate.swift */; };
		2FBEBC91244CCA3700F32D92 /* Assets.xcassets in Resources */ = {isa = PBXBuildFile; fileRef = 2FBEBC90244CCA3700F32D92 /* Assets.xcassets */; };
		2FBEBC94244CCA3700F32D92 /* LaunchScreen.storyboard in Resources */ = {isa = PBXBuildFile; fileRef = 2FBEBC92244CCA3700F32D92 /* LaunchScreen.storyboard */; };
		2FBEBCA0244CCC2700F32D92 /* MatchClasses.swift in Sources */ = {isa = PBXBuildFile; fileRef = 2FBEBC9D244CCC2700F32D92 /* MatchClasses.swift */; };
		2FBEBCA1244CCC2700F32D92 /* Classic.swift in Sources */ = {isa = PBXBuildFile; fileRef = 2FBEBC9E244CCC2700F32D92 /* Classic.swift */; };
		2FBEBCA4244CCC9200F32D92 /* Main.storyboard in Resources */ = {isa = PBXBuildFile; fileRef = 2FBEBCA3244CCC9200F32D92 /* Main.storyboard */; };
		2FC749B524673B8C0089C30B /* AroundTheWorld.swift in Sources */ = {isa = PBXBuildFile; fileRef = 2FC749B424673B8C0089C30B /* AroundTheWorld.swift */; };
		2FFB7A542473519B00D6EED4 /* Cricket.swift in Sources */ = {isa = PBXBuildFile; fileRef = 2FFB7A532473519B00D6EED4 /* Cricket.swift */; };
/* End PBXBuildFile section */

/* Begin PBXFileReference section */
		2FA9C7E92482F9AC000A6534 /* Extensions.swift */ = {isa = PBXFileReference; lastKnownFileType = sourcecode.swift; path = Extensions.swift; sourceTree = "<group>"; };
		2FA9C7EB2482F9D7000A6534 /* CustomViews.swift */ = {isa = PBXFileReference; lastKnownFileType = sourcecode.swift; path = CustomViews.swift; sourceTree = "<group>"; };
		2FA9C7ED248302A9000A6534 /* Settings.swift */ = {isa = PBXFileReference; lastKnownFileType = sourcecode.swift; path = Settings.swift; sourceTree = "<group>"; };
		2FA9C7EF2483089A000A6534 /* SelectMode.swift */ = {isa = PBXFileReference; lastKnownFileType = sourcecode.swift; path = SelectMode.swift; sourceTree = "<group>"; };
		2FBEBC84244CCA3500F32D92 /* SimpleDarts.app */ = {isa = PBXFileReference; explicitFileType = wrapper.application; includeInIndex = 0; path = SimpleDarts.app; sourceTree = BUILT_PRODUCTS_DIR; };
		2FBEBC87244CCA3500F32D92 /* AppDelegate.swift */ = {isa = PBXFileReference; lastKnownFileType = sourcecode.swift; path = AppDelegate.swift; sourceTree = "<group>"; };
		2FBEBC89244CCA3500F32D92 /* SceneDelegate.swift */ = {isa = PBXFileReference; lastKnownFileType = sourcecode.swift; path = SceneDelegate.swift; sourceTree = "<group>"; };
		2FBEBC90244CCA3700F32D92 /* Assets.xcassets */ = {isa = PBXFileReference; lastKnownFileType = folder.assetcatalog; path = Assets.xcassets; sourceTree = "<group>"; };
		2FBEBC93244CCA3700F32D92 /* Base */ = {isa = PBXFileReference; lastKnownFileType = file.storyboard; name = Base; path = Base.lproj/LaunchScreen.storyboard; sourceTree = "<group>"; };
		2FBEBC95244CCA3700F32D92 /* Info.plist */ = {isa = PBXFileReference; lastKnownFileType = text.plist.xml; path = Info.plist; sourceTree = "<group>"; };
		2FBEBC9D244CCC2700F32D92 /* MatchClasses.swift */ = {isa = PBXFileReference; fileEncoding = 4; lastKnownFileType = sourcecode.swift; path = MatchClasses.swift; sourceTree = "<group>"; };
		2FBEBC9E244CCC2700F32D92 /* Classic.swift */ = {isa = PBXFileReference; fileEncoding = 4; lastKnownFileType = sourcecode.swift; path = Classic.swift; sourceTree = "<group>"; };
		2FBEBCA3244CCC9200F32D92 /* Main.storyboard */ = {isa = PBXFileReference; fileEncoding = 4; lastKnownFileType = file.storyboard; path = Main.storyboard; sourceTree = "<group>"; };
		2FC749B424673B8C0089C30B /* AroundTheWorld.swift */ = {isa = PBXFileReference; lastKnownFileType = sourcecode.swift; path = AroundTheWorld.swift; sourceTree = "<group>"; };
		2FFB7A532473519B00D6EED4 /* Cricket.swift */ = {isa = PBXFileReference; lastKnownFileType = sourcecode.swift; path = Cricket.swift; sourceTree = "<group>"; };
/* End PBXFileReference section */

/* Begin PBXFrameworksBuildPhase section */
		2FBEBC81244CCA3500F32D92 /* Frameworks */ = {
			isa = PBXFrameworksBuildPhase;
			buildActionMask = 2147483647;
			files = (
			);
			runOnlyForDeploymentPostprocessing = 0;
		};
/* End PBXFrameworksBuildPhase section */

/* Begin PBXGroup section */
		2FBEBC7B244CCA3500F32D92 = {
			isa = PBXGroup;
			children = (
				2FBEBC86244CCA3500F32D92 /* SimpleDarts */,
				2FBEBC85244CCA3500F32D92 /* Products */,
			);
			sourceTree = "<group>";
		};
		2FBEBC85244CCA3500F32D92 /* Products */ = {
			isa = PBXGroup;
			children = (
				2FBEBC84244CCA3500F32D92 /* SimpleDarts.app */,
			);
			name = Products;
			sourceTree = "<group>";
		};
		2FBEBC86244CCA3500F32D92 /* SimpleDarts */ = {
			isa = PBXGroup;
			children = (
				2FBEBC9D244CCC2700F32D92 /* MatchClasses.swift */,
				2FA9C7E92482F9AC000A6534 /* Extensions.swift */,
				2FA9C7EB2482F9D7000A6534 /* CustomViews.swift */,
				2FA9C7EF2483089A000A6534 /* SelectMode.swift */,
				2FA9C7ED248302A9000A6534 /* Settings.swift */,
				2FBEBC9E244CCC2700F32D92 /* Classic.swift */,
				2FC749B424673B8C0089C30B /* AroundTheWorld.swift */,
				2FFB7A532473519B00D6EED4 /* Cricket.swift */,
				2FBEBC87244CCA3500F32D92 /* AppDelegate.swift */,
				2FBEBC89244CCA3500F32D92 /* SceneDelegate.swift */,
				2FBEBCA3244CCC9200F32D92 /* Main.storyboard */,
				2FBEBC90244CCA3700F32D92 /* Assets.xcassets */,
				2FBEBC92244CCA3700F32D92 /* LaunchScreen.storyboard */,
				2FBEBC95244CCA3700F32D92 /* Info.plist */,
			);
			path = SimpleDarts;
			sourceTree = "<group>";
		};
/* End PBXGroup section */

/* Begin PBXNativeTarget section */
		2FBEBC83244CCA3500F32D92 /* SimpleDarts */ = {
			isa = PBXNativeTarget;
			buildConfigurationList = 2FBEBC98244CCA3700F32D92 /* Build configuration list for PBXNativeTarget "SimpleDarts" */;
			buildPhases = (
				2FBEBC80244CCA3500F32D92 /* Sources */,
				2FBEBC81244CCA3500F32D92 /* Frameworks */,
				2FBEBC82244CCA3500F32D92 /* Resources */,
			);
			buildRules = (
			);
			dependencies = (
			);
			name = SimpleDarts;
			productName = SimpleDarts;
			productReference = 2FBEBC84244CCA3500F32D92 /* SimpleDarts.app */;
			productType = "com.apple.product-type.application";
		};
/* End PBXNativeTarget section */

/* Begin PBXProject section */
		2FBEBC7C244CCA3500F32D92 /* Project object */ = {
			isa = PBXProject;
			attributes = {
				LastSwiftUpdateCheck = 1140;
				LastUpgradeCheck = 1140;
				ORGANIZATIONNAME = "Tyler Flottorp";
				TargetAttributes = {
					2FBEBC83244CCA3500F32D92 = {
						CreatedOnToolsVersion = 11.4;
					};
				};
			};
			buildConfigurationList = 2FBEBC7F244CCA3500F32D92 /* Build configuration list for PBXProject "SimpleDarts" */;
			compatibilityVersion = "Xcode 9.3";
			developmentRegion = en;
			hasScannedForEncodings = 0;
			knownRegions = (
				en,
				Base,
			);
			mainGroup = 2FBEBC7B244CCA3500F32D92;
			productRefGroup = 2FBEBC85244CCA3500F32D92 /* Products */;
			projectDirPath = "";
			projectRoot = "";
			targets = (
				2FBEBC83244CCA3500F32D92 /* SimpleDarts */,
			);
		};
/* End PBXProject section */

/* Begin PBXResourcesBuildPhase section */
		2FBEBC82244CCA3500F32D92 /* Resources */ = {
			isa = PBXResourcesBuildPhase;
			buildActionMask = 2147483647;
			files = (
				2FBEBCA4244CCC9200F32D92 /* Main.storyboard in Resources */,
				2FBEBC94244CCA3700F32D92 /* LaunchScreen.storyboard in Resources */,
				2FBEBC91244CCA3700F32D92 /* Assets.xcassets in Resources */,
			);
			runOnlyForDeploymentPostprocessing = 0;
		};
/* End PBXResourcesBuildPhase section */

/* Begin PBXSourcesBuildPhase section */
		2FBEBC80244CCA3500F32D92 /* Sources */ = {
			isa = PBXSourcesBuildPhase;
			buildActionMask = 2147483647;
			files = (
				2FC749B524673B8C0089C30B /* AroundTheWorld.swift in Sources */,
				2FBEBC88244CCA3500F32D92 /* AppDelegate.swift in Sources */,
				2FBEBCA1244CCC2700F32D92 /* Classic.swift in Sources */,
				2FFB7A542473519B00D6EED4 /* Cricket.swift in Sources */,
				2FBEBC8A244CCA3500F32D92 /* SceneDelegate.swift in Sources */,
				2FA9C7EE248302A9000A6534 /* Settings.swift in Sources */,
				2FBEBCA0244CCC2700F32D92 /* MatchClasses.swift in Sources */,
				2FA9C7EC2482F9D7000A6534 /* CustomViews.swift in Sources */,
				2FA9C7EA2482F9AC000A6534 /* Extensions.swift in Sources */,
				2FA9C7F02483089A000A6534 /* SelectMode.swift in Sources */,
			);
			runOnlyForDeploymentPostprocessing = 0;
		};
/* End PBXSourcesBuildPhase section */

/* Begin PBXVariantGroup section */
		2FBEBC92244CCA3700F32D92 /* LaunchScreen.storyboard */ = {
			isa = PBXVariantGroup;
			children = (
				2FBEBC93244CCA3700F32D92 /* Base */,
			);
			name = LaunchScreen.storyboard;
			sourceTree = "<group>";
		};
/* End PBXVariantGroup section */

/* Begin XCBuildConfiguration section */
		2FBEBC96244CCA3700F32D92 /* Debug */ = {
			isa = XCBuildConfiguration;
			buildSettings = {
				ALWAYS_SEARCH_USER_PATHS = NO;
				CLANG_ANALYZER_NONNULL = YES;
				CLANG_ANALYZER_NUMBER_OBJECT_CONVERSION = YES_AGGRESSIVE;
				CLANG_CXX_LANGUAGE_STANDARD = "gnu++14";
				CLANG_CXX_LIBRARY = "libc++";
				CLANG_ENABLE_MODULES = YES;
				CLANG_ENABLE_OBJC_ARC = YES;
				CLANG_ENABLE_OBJC_WEAK = YES;
				CLANG_WARN_BLOCK_CAPTURE_AUTORELEASING = YES;
				CLANG_WARN_BOOL_CONVERSION = YES;
				CLANG_WARN_COMMA = YES;
				CLANG_WARN_CONSTANT_CONVERSION = YES;
				CLANG_WARN_DEPRECATED_OBJC_IMPLEMENTATIONS = YES;
				CLANG_WARN_DIRECT_OBJC_ISA_USAGE = YES_ERROR;
				CLANG_WARN_DOCUMENTATION_COMMENTS = YES;
				CLANG_WARN_EMPTY_BODY = YES;
				CLANG_WARN_ENUM_CONVERSION = YES;
				CLANG_WARN_INFINITE_RECURSION = YES;
				CLANG_WARN_INT_CONVERSION = YES;
				CLANG_WARN_NON_LITERAL_NULL_CONVERSION = YES;
				CLANG_WARN_OBJC_IMPLICIT_RETAIN_SELF = YES;
				CLANG_WARN_OBJC_LITERAL_CONVERSION = YES;
				CLANG_WARN_OBJC_ROOT_CLASS = YES_ERROR;
				CLANG_WARN_RANGE_LOOP_ANALYSIS = YES;
				CLANG_WARN_STRICT_PROTOTYPES = YES;
				CLANG_WARN_SUSPICIOUS_MOVE = YES;
				CLANG_WARN_UNGUARDED_AVAILABILITY = YES_AGGRESSIVE;
				CLANG_WARN_UNREACHABLE_CODE = YES;
				CLANG_WARN__DUPLICATE_METHOD_MATCH = YES;
				COPY_PHASE_STRIP = NO;
				DEBUG_INFORMATION_FORMAT = dwarf;
				ENABLE_STRICT_OBJC_MSGSEND = YES;
				ENABLE_TESTABILITY = YES;
				GCC_C_LANGUAGE_STANDARD = gnu11;
				GCC_DYNAMIC_NO_PIC = NO;
				GCC_NO_COMMON_BLOCKS = YES;
				GCC_OPTIMIZATION_LEVEL = 0;
				GCC_PREPROCESSOR_DEFINITIONS = (
					"DEBUG=1",
					"$(inherited)",
				);
				GCC_WARN_64_TO_32_BIT_CONVERSION = YES;
				GCC_WARN_ABOUT_RETURN_TYPE = YES_ERROR;
				GCC_WARN_UNDECLARED_SELECTOR = YES;
				GCC_WARN_UNINITIALIZED_AUTOS = YES_AGGRESSIVE;
				GCC_WARN_UNUSED_FUNCTION = YES;
				GCC_WARN_UNUSED_VARIABLE = YES;
				IPHONEOS_DEPLOYMENT_TARGET = 13.4;
				MTL_ENABLE_DEBUG_INFO = INCLUDE_SOURCE;
				MTL_FAST_MATH = YES;
				ONLY_ACTIVE_ARCH = YES;
				SDKROOT = iphoneos;
				SWIFT_ACTIVE_COMPILATION_CONDITIONS = DEBUG;
				SWIFT_OPTIMIZATION_LEVEL = "-Onone";
			};
			name = Debug;
		};
		2FBEBC97244CCA3700F32D92 /* Release */ = {
			isa = XCBuildConfiguration;
			buildSettings = {
				ALWAYS_SEARCH_USER_PATHS = NO;
				CLANG_ANALYZER_NONNULL = YES;
				CLANG_ANALYZER_NUMBER_OBJECT_CONVERSION = YES_AGGRESSIVE;
				CLANG_CXX_LANGUAGE_STANDARD = "gnu++14";
				CLANG_CXX_LIBRARY = "libc++";
				CLANG_ENABLE_MODULES = YES;
				CLANG_ENABLE_OBJC_ARC = YES;
				CLANG_ENABLE_OBJC_WEAK = YES;
				CLANG_WARN_BLOCK_CAPTURE_AUTORELEASING = YES;
				CLANG_WARN_BOOL_CONVERSION = YES;
				CLANG_WARN_COMMA = YES;
				CLANG_WARN_CONSTANT_CONVERSION = YES;
				CLANG_WARN_DEPRECATED_OBJC_IMPLEMENTATIONS = YES;
				CLANG_WARN_DIRECT_OBJC_ISA_USAGE = YES_ERROR;
				CLANG_WARN_DOCUMENTATION_COMMENTS = YES;
				CLANG_WARN_EMPTY_BODY = YES;
				CLANG_WARN_ENUM_CONVERSION = YES;
				CLANG_WARN_INFINITE_RECURSION = YES;
				CLANG_WARN_INT_CONVERSION = YES;
				CLANG_WARN_NON_LITERAL_NULL_CONVERSION = YES;
				CLANG_WARN_OBJC_IMPLICIT_RETAIN_SELF = YES;
				CLANG_WARN_OBJC_LITERAL_CONVERSION = YES;
				CLANG_WARN_OBJC_ROOT_CLASS = YES_ERROR;
				CLANG_WARN_RANGE_LOOP_ANALYSIS = YES;
				CLANG_WARN_STRICT_PROTOTYPES = YES;
				CLANG_WARN_SUSPICIOUS_MOVE = YES;
				CLANG_WARN_UNGUARDED_AVAILABILITY = YES_AGGRESSIVE;
				CLANG_WARN_UNREACHABLE_CODE = YES;
				CLANG_WARN__DUPLICATE_METHOD_MATCH = YES;
				COPY_PHASE_STRIP = NO;
				DEBUG_INFORMATION_FORMAT = "dwarf-with-dsym";
				ENABLE_NS_ASSERTIONS = NO;
				ENABLE_STRICT_OBJC_MSGSEND = YES;
				GCC_C_LANGUAGE_STANDARD = gnu11;
				GCC_NO_COMMON_BLOCKS = YES;
				GCC_WARN_64_TO_32_BIT_CONVERSION = YES;
				GCC_WARN_ABOUT_RETURN_TYPE = YES_ERROR;
				GCC_WARN_UNDECLARED_SELECTOR = YES;
				GCC_WARN_UNINITIALIZED_AUTOS = YES_AGGRESSIVE;
				GCC_WARN_UNUSED_FUNCTION = YES;
				GCC_WARN_UNUSED_VARIABLE = YES;
				IPHONEOS_DEPLOYMENT_TARGET = 13.4;
				MTL_ENABLE_DEBUG_INFO = NO;
				MTL_FAST_MATH = YES;
				SDKROOT = iphoneos;
				SWIFT_COMPILATION_MODE = wholemodule;
				SWIFT_OPTIMIZATION_LEVEL = "-O";
				VALIDATE_PRODUCT = YES;
			};
			name = Release;
		};
		2FBEBC99244CCA3700F32D92 /* Debug */ = {
			isa = XCBuildConfiguration;
			buildSettings = {
				ASSETCATALOG_COMPILER_APPICON_NAME = AppIcon;
				CODE_SIGN_STYLE = Automatic;
				DEVELOPMENT_TEAM = 83G5U6GS35;
				INFOPLIST_FILE = SimpleDarts/Info.plist;
				LD_RUNPATH_SEARCH_PATHS = (
					"$(inherited)",
					"@executable_path/Frameworks",
				);
				MARKETING_VERSION = 0.1;
				PRODUCT_BUNDLE_IDENTIFIER = com.example.SimpleDarts;
				PRODUCT_NAME = "$(TARGET_NAME)";
				SWIFT_VERSION = 5.0;
				TARGETED_DEVICE_FAMILY = 1;
			};
			name = Debug;
		};
		2FBEBC9A244CCA3700F32D92 /* Release */ = {
			isa = XCBuildConfiguration;
			buildSettings = {
				ASSETCATALOG_COMPILER_APPICON_NAME = AppIcon;
				CODE_SIGN_STYLE = Automatic;
				DEVELOPMENT_TEAM = 83G5U6GS35;
				INFOPLIST_FILE = SimpleDarts/Info.plist;
				LD_RUNPATH_SEARCH_PATHS = (
					"$(inherited)",
					"@executable_path/Frameworks",
				);
				MARKETING_VERSION = 0.1;
				PRODUCT_BUNDLE_IDENTIFIER = com.example.SimpleDarts;
				PRODUCT_NAME = "$(TARGET_NAME)";
				SWIFT_VERSION = 5.0;
				TARGETED_DEVICE_FAMILY = 1;
			};
			name = Release;
		};
/* End XCBuildConfiguration section */

/* Begin XCConfigurationList section */
		2FBEBC7F244CCA3500F32D92 /* Build configuration list for PBXProject "SimpleDarts" */ = {
			isa = XCConfigurationList;
			buildConfigurations = (
				2FBEBC96244CCA3700F32D92 /* Debug */,
				2FBEBC97244CCA3700F32D92 /* Release */,
			);
			defaultConfigurationIsVisible = 0;
			defaultConfigurationName = Release;
		};
		2FBEBC98244CCA3700F32D92 /* Build configuration list for PBXNativeTarget "SimpleDarts" */ = {
			isa = XCConfigurationList;
			buildConfigurations = (
				2FBEBC99244CCA3700F32D92 /* Debug */,
				2FBEBC9A244CCA3700F32D92 /* Release */,
			);
			defaultConfigurationIsVisible = 0;
			defaultConfigurationName = Release;
		};
/* End XCConfigurationList section */
	};
	rootObject = 2FBEBC7C244CCA3500F32D92 /* Project object */;
}
